// !$*UTF8*$!
{
	archiveVersion = 1;
	classes = {
	};
	objectVersion = 46;
	objects = {

/* Begin PBXBuildFile section */
		2C6217B31ED40F3D002C9803 /* RCYPhotoCell.m in Sources */ = {isa = PBXBuildFile; fileRef = 2C6217B21ED40F3D002C9803 /* RCYPhotoCell.m */; };
		2CF3083E1DBC10B800B7B16A /* main.m in Sources */ = {isa = PBXBuildFile; fileRef = 2CF3083D1DBC10B800B7B16A /* main.m */; };
		2CF308411DBC10B800B7B16A /* AppDelegate.m in Sources */ = {isa = PBXBuildFile; fileRef = 2CF308401DBC10B800B7B16A /* AppDelegate.m */; };
		2CF308471DBC10B800B7B16A /* Main.storyboard in Resources */ = {isa = PBXBuildFile; fileRef = 2CF308451DBC10B800B7B16A /* Main.storyboard */; };
		2CF308491DBC10B800B7B16A /* Assets.xcassets in Resources */ = {isa = PBXBuildFile; fileRef = 2CF308481DBC10B800B7B16A /* Assets.xcassets */; };
		2CF3084C1DBC10B800B7B16A /* LaunchScreen.storyboard in Resources */ = {isa = PBXBuildFile; fileRef = 2CF3084A1DBC10B800B7B16A /* LaunchScreen.storyboard */; };
		2CF308551DBC373100B7B16A /* RYPhotoCollectionViewController.m in Sources */ = {isa = PBXBuildFile; fileRef = 2CF308541DBC373100B7B16A /* RYPhotoCollectionViewController.m */; };
		2CF308571DBC430900B7B16A /* Photos.framework in Frameworks */ = {isa = PBXBuildFile; fileRef = 2CF308561DBC430900B7B16A /* Photos.framework */; };
		2CF3085A1DBD93DF00B7B16A /* RYFilterListTableViewController.m in Sources */ = {isa = PBXBuildFile; fileRef = 2CF308591DBD93DF00B7B16A /* RYFilterListTableViewController.m */; };
		2CF3085C1DBDA7B800B7B16A /* CoreImage.framework in Frameworks */ = {isa = PBXBuildFile; fileRef = 2CF3085B1DBDA7B800B7B16A /* CoreImage.framework */; };
/* End PBXBuildFile section */

/* Begin PBXFileReference section */
		2C6217B11ED40F3D002C9803 /* RCYPhotoCell.h */ = {isa = PBXFileReference; fileEncoding = 4; lastKnownFileType = sourcecode.c.h; path = RCYPhotoCell.h; sourceTree = "<group>"; };
		2C6217B21ED40F3D002C9803 /* RCYPhotoCell.m */ = {isa = PBXFileReference; fileEncoding = 4; lastKnownFileType = sourcecode.c.objc; path = RCYPhotoCell.m; sourceTree = "<group>"; };
		2CF308391DBC10B800B7B16A /* CollectionFiltr.app */ = {isa = PBXFileReference; explicitFileType = wrapper.application; includeInIndex = 0; path = CollectionFiltr.app; sourceTree = BUILT_PRODUCTS_DIR; };
		2CF3083D1DBC10B800B7B16A /* main.m */ = {isa = PBXFileReference; lastKnownFileType = sourcecode.c.objc; path = main.m; sourceTree = "<group>"; };
		2CF3083F1DBC10B800B7B16A /* AppDelegate.h */ = {isa = PBXFileReference; lastKnownFileType = sourcecode.c.h; path = AppDelegate.h; sourceTree = "<group>"; };
		2CF308401DBC10B800B7B16A /* AppDelegate.m */ = {isa = PBXFileReference; lastKnownFileType = sourcecode.c.objc; path = AppDelegate.m; sourceTree = "<group>"; };
		2CF308461DBC10B800B7B16A /* Base */ = {isa = PBXFileReference; lastKnownFileType = file.storyboard; name = Base; path = Base.lproj/Main.storyboard; sourceTree = "<group>"; };
		2CF308481DBC10B800B7B16A /* Assets.xcassets */ = {isa = PBXFileReference; lastKnownFileType = folder.assetcatalog; path = Assets.xcassets; sourceTree = "<group>"; };
		2CF3084B1DBC10B800B7B16A /* Base */ = {isa = PBXFileReference; lastKnownFileType = file.storyboard; name = Base; path = Base.lproj/LaunchScreen.storyboard; sourceTree = "<group>"; };
		2CF3084D1DBC10B800B7B16A /* Info.plist */ = {isa = PBXFileReference; lastKnownFileType = text.plist.xml; path = Info.plist; sourceTree = "<group>"; };
		2CF308531DBC373100B7B16A /* RYPhotoCollectionViewController.h */ = {isa = PBXFileReference; fileEncoding = 4; lastKnownFileType = sourcecode.c.h; path = RYPhotoCollectionViewController.h; sourceTree = "<group>"; };
		2CF308541DBC373100B7B16A /* RYPhotoCollectionViewController.m */ = {isa = PBXFileReference; fileEncoding = 4; lastKnownFileType = sourcecode.c.objc; path = RYPhotoCollectionViewController.m; sourceTree = "<group>"; };
		2CF308561DBC430900B7B16A /* Photos.framework */ = {isa = PBXFileReference; lastKnownFileType = wrapper.framework; name = Photos.framework; path = System/Library/Frameworks/Photos.framework; sourceTree = SDKROOT; };
		2CF308581DBD93DF00B7B16A /* RYFilterListTableViewController.h */ = {isa = PBXFileReference; fileEncoding = 4; lastKnownFileType = sourcecode.c.h; path = RYFilterListTableViewController.h; sourceTree = "<group>"; };
		2CF308591DBD93DF00B7B16A /* RYFilterListTableViewController.m */ = {isa = PBXFileReference; fileEncoding = 4; lastKnownFileType = sourcecode.c.objc; path = RYFilterListTableViewController.m; sourceTree = "<group>"; };
		2CF3085B1DBDA7B800B7B16A /* CoreImage.framework */ = {isa = PBXFileReference; lastKnownFileType = wrapper.framework; name = CoreImage.framework; path = System/Library/Frameworks/CoreImage.framework; sourceTree = SDKROOT; };
/* End PBXFileReference section */

/* Begin PBXFrameworksBuildPhase section */
		2CF308361DBC10B800B7B16A /* Frameworks */ = {
			isa = PBXFrameworksBuildPhase;
			buildActionMask = 2147483647;
			files = (
				2CF3085C1DBDA7B800B7B16A /* CoreImage.framework in Frameworks */,
				2CF308571DBC430900B7B16A /* Photos.framework in Frameworks */,
			);
			runOnlyForDeploymentPostprocessing = 0;
		};
/* End PBXFrameworksBuildPhase section */

/* Begin PBXGroup section */
		2CF308301DBC10B800B7B16A = {
			isa = PBXGroup;
			children = (
				2CF3085B1DBDA7B800B7B16A /* CoreImage.framework */,
				2CF308561DBC430900B7B16A /* Photos.framework */,
				2CF3083B1DBC10B800B7B16A /* CollectionFiltr */,
				2CF3083A1DBC10B800B7B16A /* Products */,
			);
			sourceTree = "<group>";
		};
		2CF3083A1DBC10B800B7B16A /* Products */ = {
			isa = PBXGroup;
			children = (
				2CF308391DBC10B800B7B16A /* CollectionFiltr.app */,
			);
			name = Products;
			sourceTree = "<group>";
		};
		2CF3083B1DBC10B800B7B16A /* CollectionFiltr */ = {
			isa = PBXGroup;
			children = (
				2CF3083F1DBC10B800B7B16A /* AppDelegate.h */,
				2CF308401DBC10B800B7B16A /* AppDelegate.m */,
				2CF308451DBC10B800B7B16A /* Main.storyboard */,
				2CF308531DBC373100B7B16A /* RYPhotoCollectionViewController.h */,
				2CF308541DBC373100B7B16A /* RYPhotoCollectionViewController.m */,
				2CF308581DBD93DF00B7B16A /* RYFilterListTableViewController.h */,
				2CF308591DBD93DF00B7B16A /* RYFilterListTableViewController.m */,
				2C6217B11ED40F3D002C9803 /* RCYPhotoCell.h */,
				2C6217B21ED40F3D002C9803 /* RCYPhotoCell.m */,
				2CF308481DBC10B800B7B16A /* Assets.xcassets */,
				2CF3084A1DBC10B800B7B16A /* LaunchScreen.storyboard */,
				2CF3084D1DBC10B800B7B16A /* Info.plist */,
				2CF3083C1DBC10B800B7B16A /* Supporting Files */,
			);
			path = CollectionFiltr;
			sourceTree = "<group>";
		};
		2CF3083C1DBC10B800B7B16A /* Supporting Files */ = {
			isa = PBXGroup;
			children = (
				2CF3083D1DBC10B800B7B16A /* main.m */,
			);
			name = "Supporting Files";
			sourceTree = "<group>";
		};
/* End PBXGroup section */

/* Begin PBXNativeTarget section */
		2CF308381DBC10B800B7B16A /* CollectionFiltr */ = {
			isa = PBXNativeTarget;
			buildConfigurationList = 2CF308501DBC10B800B7B16A /* Build configuration list for PBXNativeTarget "CollectionFiltr" */;
			buildPhases = (
				2CF308351DBC10B800B7B16A /* Sources */,
				2CF308361DBC10B800B7B16A /* Frameworks */,
				2CF308371DBC10B800B7B16A /* Resources */,
			);
			buildRules = (
			);
			dependencies = (
			);
			name = CollectionFiltr;
			productName = CollectionFiltr;
			productReference = 2CF308391DBC10B800B7B16A /* CollectionFiltr.app */;
			productType = "com.apple.product-type.application";
		};
/* End PBXNativeTarget section */

/* Begin PBXProject section */
		2CF308311DBC10B800B7B16A /* Project object */ = {
			isa = PBXProject;
			attributes = {
				LastUpgradeCheck = 0730;
				ORGANIZATIONNAME = "Richard Yeh";
				TargetAttributes = {
					2CF308381DBC10B800B7B16A = {
						CreatedOnToolsVersion = 7.3;
					};
				};
			};
			buildConfigurationList = 2CF308341DBC10B800B7B16A /* Build configuration list for PBXProject "CollectionFiltr" */;
			compatibilityVersion = "Xcode 3.2";
			developmentRegion = English;
			hasScannedForEncodings = 0;
			knownRegions = (
				en,
				Base,
			);
			mainGroup = 2CF308301DBC10B800B7B16A;
			productRefGroup = 2CF3083A1DBC10B800B7B16A /* Products */;
			projectDirPath = "";
			projectRoot = "";
			targets = (
				2CF308381DBC10B800B7B16A /* CollectionFiltr */,
			);
		};
/* End PBXProject section */

/* Begin PBXResourcesBuildPhase section */
		2CF308371DBC10B800B7B16A /* Resources */ = {
			isa = PBXResourcesBuildPhase;
			buildActionMask = 2147483647;
			files = (
				2CF3084C1DBC10B800B7B16A /* LaunchScreen.storyboard in Resources */,
				2CF308491DBC10B800B7B16A /* Assets.xcassets in Resources */,
				2CF308471DBC10B800B7B16A /* Main.storyboard in Resources */,
			);
			runOnlyForDeploymentPostprocessing = 0;
		};
/* End PBXResourcesBuildPhase section */

/* Begin PBXSourcesBuildPhase section */
		2CF308351DBC10B800B7B16A /* Sources */ = {
			isa = PBXSourcesBuildPhase;
			buildActionMask = 2147483647;
			files = (
				2CF3085A1DBD93DF00B7B16A /* RYFilterListTableViewController.m in Sources */,
				2C6217B31ED40F3D002C9803 /* RCYPhotoCell.m in Sources */,
				2CF308551DBC373100B7B16A /* RYPhotoCollectionViewController.m in Sources */,
				2CF308411DBC10B800B7B16A /* AppDelegate.m in Sources */,
				2CF3083E1DBC10B800B7B16A /* main.m in Sources */,
			);
			runOnlyForDeploymentPostprocessing = 0;
		};
/* End PBXSourcesBuildPhase section */

/* Begin PBXVariantGroup section */
		2CF308451DBC10B800B7B16A /* Main.storyboard */ = {
			isa = PBXVariantGroup;
			children = (
				2CF308461DBC10B800B7B16A /* Base */,
			);
			name = Main.storyboard;
			sourceTree = "<group>";
		};
		2CF3084A1DBC10B800B7B16A /* LaunchScreen.storyboard */ = {
			isa = PBXVariantGroup;
			children = (
				2CF3084B1DBC10B800B7B16A /* Base */,
			);
			name = LaunchScreen.storyboard;
			sourceTree = "<group>";
		};
/* End PBXVariantGroup section */

/* Begin XCBuildConfiguration section */
		2CF3084E1DBC10B800B7B16A /* Debug */ = {
			isa = XCBuildConfiguration;
			buildSettings = {
				ALWAYS_SEARCH_USER_PATHS = NO;
				CLANG_ANALYZER_NONNULL = YES;
				CLANG_CXX_LANGUAGE_STANDARD = "gnu++0x";
				CLANG_CXX_LIBRARY = "libc++";
				CLANG_ENABLE_MODULES = YES;
				CLANG_ENABLE_OBJC_ARC = YES;
				CLANG_WARN_BOOL_CONVERSION = YES;
				CLANG_WARN_CONSTANT_CONVERSION = YES;
				CLANG_WARN_DIRECT_OBJC_ISA_USAGE = YES_ERROR;
				CLANG_WARN_EMPTY_BODY = YES;
				CLANG_WARN_ENUM_CONVERSION = YES;
				CLANG_WARN_INT_CONVERSION = YES;
				CLANG_WARN_OBJC_ROOT_CLASS = YES_ERROR;
				CLANG_WARN_UNREACHABLE_CODE = YES;
				CLANG_WARN__DUPLICATE_METHOD_MATCH = YES;
				"CODE_SIGN_IDENTITY[sdk=iphoneos*]" = "iPhone Developer";
				COPY_PHASE_STRIP = NO;
				DEBUG_INFORMATION_FORMAT = dwarf;
				ENABLE_STRICT_OBJC_MSGSEND = YES;
				ENABLE_TESTABILITY = YES;
				GCC_C_LANGUAGE_STANDARD = gnu99;
				GCC_DYNAMIC_NO_PIC = NO;
				GCC_NO_COMMON_BLOCKS = YES;
				GCC_OPTIMIZATION_LEVEL = 0;
				GCC_PREPROCESSOR_DEFINITIONS = (
					"DEBUG=1",
					"$(inherited)",
				);
				GCC_WARN_64_TO_32_BIT_CONVERSION = YES;
				GCC_WARN_ABOUT_RETURN_TYPE = YES_ERROR;
				GCC_WARN_UNDECLARED_SELECTOR = YES;
				GCC_WARN_UNINITIALIZED_AUTOS = YES_AGGRESSIVE;
				GCC_WARN_UNUSED_FUNCTION = YES;
				GCC_WARN_UNUSED_VARIABLE = YES;
				IPHONEOS_DEPLOYMENT_TARGET = 9.3;
				MTL_ENABLE_DEBUG_INFO = YES;
				ONLY_ACTIVE_ARCH = YES;
				SDKROOT = iphoneos;
			};
			name = Debug;
		};
		2CF3084F1DBC10B800B7B16A /* Release */ = {
			isa = XCBuildConfiguration;
			buildSettings = {
				ALWAYS_SEARCH_USER_PATHS = NO;
				CLANG_ANALYZER_NONNULL = YES;
				CLANG_CXX_LANGUAGE_STANDARD = "gnu++0x";
				CLANG_CXX_LIBRARY = "libc++";
				CLANG_ENABLE_MODULES = YES;
				CLANG_ENABLE_OBJC_ARC = YES;
				CLANG_WARN_BOOL_CONVERSION = YES;
				CLANG_WARN_CONSTANT_CONVERSION = YES;
				CLANG_WARN_DIRECT_OBJC_ISA_USAGE = YES_ERROR;
				CLANG_WARN_EMPTY_BODY = YES;
				CLANG_WARN_ENUM_CONVERSION = YES;
				CLANG_WARN_INT_CONVERSION = YES;
				CLANG_WARN_OBJC_ROOT_CLASS = YES_ERROR;
				CLANG_WARN_UNREACHABLE_CODE = YES;
				CLANG_WARN__DUPLICATE_METHOD_MATCH = YES;
				"CODE_SIGN_IDENTITY[sdk=iphoneos*]" = "iPhone Developer";
				COPY_PHASE_STRIP = NO;
				DEBUG_INFORMATION_FORMAT = "dwarf-with-dsym";
				ENABLE_NS_ASSERTIONS = NO;
				ENABLE_STRICT_OBJC_MSGSEND = YES;
				GCC_C_LANGUAGE_STANDARD = gnu99;
				GCC_NO_COMMON_BLOCKS = YES;
				GCC_WARN_64_TO_32_BIT_CONVERSION = YES;
				GCC_WARN_ABOUT_RETURN_TYPE = YES_ERROR;
				GCC_WARN_UNDECLARED_SELECTOR = YES;
				GCC_WARN_UNINITIALIZED_AUTOS = YES_AGGRESSIVE;
				GCC_WARN_UNUSED_FUNCTION = YES;
				GCC_WARN_UNUSED_VARIABLE = YES;
				IPHONEOS_DEPLOYMENT_TARGET = 9.3;
				MTL_ENABLE_DEBUG_INFO = NO;
				SDKROOT = iphoneos;
				VALIDATE_PRODUCT = YES;
			};
			name = Release;
		};
		2CF308511DBC10B800B7B16A /* Debug */ = {
			isa = XCBuildConfiguration;
			buildSettings = {
				ASSETCATALOG_COMPILER_APPICON_NAME = AppIcon;
				INFOPLIST_FILE = CollectionFiltr/Info.plist;
				LD_RUNPATH_SEARCH_PATHS = "$(inherited) @executable_path/Frameworks";
				PRODUCT_BUNDLE_IDENTIFIER = com.richardcyeh.CollectionFiltr;
				PRODUCT_NAME = "$(TARGET_NAME)";
			};
			name = Debug;
		};
		2CF308521DBC10B800B7B16A /* Release */ = {
			isa = XCBuildConfiguration;
			buildSettings = {
				ASSETCATALOG_COMPILER_APPICON_NAME = AppIcon;
				INFOPLIST_FILE = CollectionFiltr/Info.plist;
				LD_RUNPATH_SEARCH_PATHS = "$(inherited) @executable_path/Frameworks";
				PRODUCT_BUNDLE_IDENTIFIER = com.richardcyeh.CollectionFiltr;
				PRODUCT_NAME = "$(TARGET_NAME)";
			};
			name = Release;
		};
/* End XCBuildConfiguration section */

/* Begin XCConfigurationList section */
		2CF308341DBC10B800B7B16A /* Build configuration list for PBXProject "CollectionFiltr" */ = {
			isa = XCConfigurationList;
			buildConfigurations = (
				2CF3084E1DBC10B800B7B16A /* Debug */,
				2CF3084F1DBC10B800B7B16A /* Release */,
			);
			defaultConfigurationIsVisible = 0;
			defaultConfigurationName = Release;
		};
		2CF308501DBC10B800B7B16A /* Build configuration list for PBXNativeTarget "CollectionFiltr" */ = {
			isa = XCConfigurationList;
			buildConfigurations = (
				2CF308511DBC10B800B7B16A /* Debug */,
				2CF308521DBC10B800B7B16A /* Release */,
			);
			defaultConfigurationIsVisible = 0;
			defaultConfigurationName = Release;
		};
/* End XCConfigurationList section */
	};
	rootObject = 2CF308311DBC10B800B7B16A /* Project object */;
}
